// !$*UTF8*$!
{
	archiveVersion = 1;
	classes = {
	};
	objectVersion = 46;
	objects = {

/* Begin PBXBuildFile section */
		C60997521D8840CD00D0FA1C /* Houses.swift in Sources */ = {isa = PBXBuildFile; fileRef = C60997511D8840CD00D0FA1C /* Houses.swift */; };
		C63674431D71455000B26AA5 /* SweTimeRet.swift in Sources */ = {isa = PBXBuildFile; fileRef = C63674421D71455000B26AA5 /* SweTimeRet.swift */; };
		C63674451D71D69600B26AA5 /* TopoData.swift in Sources */ = {isa = PBXBuildFile; fileRef = C63674441D71D69600B26AA5 /* TopoData.swift */; };
		C63674471D75DB1900B26AA5 /* MainChart.swift in Sources */ = {isa = PBXBuildFile; fileRef = C63674461D75DB1900B26AA5 /* MainChart.swift */; };
		C636744C1D78794400B26AA5 /* MainChartViewController.swift in Sources */ = {isa = PBXBuildFile; fileRef = C636744A1D78794400B26AA5 /* MainChartViewController.swift */; };
		C636744D1D78794400B26AA5 /* MainChartViewController.xib in Resources */ = {isa = PBXBuildFile; fileRef = C636744B1D78794400B26AA5 /* MainChartViewController.xib */; };
		C63674531D7DAE4F00B26AA5 /* CommonData.swift in Sources */ = {isa = PBXBuildFile; fileRef = C63674521D7DAE4F00B26AA5 /* CommonData.swift */; };
		C63674551D818A6900B26AA5 /* PlanetData.swift in Sources */ = {isa = PBXBuildFile; fileRef = C63674541D818A6800B26AA5 /* PlanetData.swift */; };
		C63674571D818B4F00B26AA5 /* AstroCalc.swift in Sources */ = {isa = PBXBuildFile; fileRef = C63674561D818B4F00B26AA5 /* AstroCalc.swift */; };
		C63674591D81901900B26AA5 /* ConfigData.swift in Sources */ = {isa = PBXBuildFile; fileRef = C63674581D81901900B26AA5 /* ConfigData.swift */; };
		C6E9FDB31D4C8030008FDE6B /* GenConst.swift in Sources */ = {isa = PBXBuildFile; fileRef = C6E9FDB21D4C8030008FDE6B /* GenConst.swift */; };
		C6E9FDBD1D538A23008FDE6B /* seas_18.se1 in Resources */ = {isa = PBXBuildFile; fileRef = C6E9FDBA1D538A23008FDE6B /* seas_18.se1 */; };
		C6E9FDBE1D538A23008FDE6B /* semo_18.se1 in Resources */ = {isa = PBXBuildFile; fileRef = C6E9FDBB1D538A23008FDE6B /* semo_18.se1 */; };
		C6E9FDBF1D538A23008FDE6B /* sepl_18.se1 in Resources */ = {isa = PBXBuildFile; fileRef = C6E9FDBC1D538A23008FDE6B /* sepl_18.se1 */; };
		C6EAB1791D30C2FB0038C772 /* I.swift in Sources */ = {isa = PBXBuildFile; fileRef = C6EAB1781D30C2FB0038C772 /* I.swift */; };
		C6EAB17B1D30C2FB0038C772 /* ViewController.swift in Sources */ = {isa = PBXBuildFile; fileRef = C6EAB17A1D30C2FB0038C772 /* ViewController.swift */; };
		C6EAB17D1D30C2FB0038C772 /* Assets.xcassets in Resources */ = {isa = PBXBuildFile; fileRef = C6EAB17C1D30C2FB0038C772 /* Assets.xcassets */; };
		C6EAB1801D30C2FB0038C772 /* Main.storyboard in Resources */ = {isa = PBXBuildFile; fileRef = C6EAB17E1D30C2FB0038C772 /* Main.storyboard */; };
		C6EAB1981D3150D00038C772 /* SwissEph.swift in Sources */ = {isa = PBXBuildFile; fileRef = C6EAB1971D3150D00038C772 /* SwissEph.swift */; };
		C6F4C2EF1D5B808800108545 /* SweSunb.swift in Sources */ = {isa = PBXBuildFile; fileRef = C6F4C2EE1D5B808800108545 /* SweSunb.swift */; };
		C6F4C2F11D5C0C5A00108545 /* SwissHLib.swift in Sources */ = {isa = PBXBuildFile; fileRef = C6F4C2F01D5C0C5A00108545 /* SwissHLib.swift */; };
		C6F4C3141D60ABE100108545 /* SideData.swift in Sources */ = {isa = PBXBuildFile; fileRef = C6F4C3131D60ABE100108545 /* SideData.swift */; };
		C6F4C3161D60AEA900108545 /* SweEpsilon.swift in Sources */ = {isa = PBXBuildFile; fileRef = C6F4C3151D60AEA900108545 /* SweEpsilon.swift */; };
		C6F4C32C1D61C03D00108545 /* SweNut.swift in Sources */ = {isa = PBXBuildFile; fileRef = C6F4C32B1D61C03D00108545 /* SweNut.swift */; };
		C6FA05BC1D48F047002F5BA3 /* SavePositions.swift in Sources */ = {isa = PBXBuildFile; fileRef = C6FA05BB1D48F047002F5BA3 /* SavePositions.swift */; };
		C6FA05BE1D48F059002F5BA3 /* SweData.swift in Sources */ = {isa = PBXBuildFile; fileRef = C6FA05BD1D48F059002F5BA3 /* SweData.swift */; };
		C6FA05C01D48F068002F5BA3 /* SweRet.swift in Sources */ = {isa = PBXBuildFile; fileRef = C6FA05BF1D48F068002F5BA3 /* SweRet.swift */; };
		C6FA05C21D48F7A6002F5BA3 /* PlanData.swift in Sources */ = {isa = PBXBuildFile; fileRef = C6FA05C11D48F7A6002F5BA3 /* PlanData.swift */; };
		C6FA05C41D4A56AA002F5BA3 /* SweDate.swift in Sources */ = {isa = PBXBuildFile; fileRef = C6FA05C31D4A56AA002F5BA3 /* SweDate.swift */; };
		C6FA05C61D4C64E6002F5BA3 /* FileData.swift in Sources */ = {isa = PBXBuildFile; fileRef = C6FA05C51D4C64E6002F5BA3 /* FileData.swift */; };
/* End PBXBuildFile section */

/* Begin PBXFileReference section */
		C60997511D8840CD00D0FA1C /* Houses.swift */ = {isa = PBXFileReference; fileEncoding = 4; lastKnownFileType = sourcecode.swift; name = Houses.swift; path = SwissEph/Houses.swift; sourceTree = "<group>"; };
		C63674421D71455000B26AA5 /* SweTimeRet.swift */ = {isa = PBXFileReference; fileEncoding = 4; lastKnownFileType = sourcecode.swift; name = SweTimeRet.swift; path = SwissEph/SweTimeRet.swift; sourceTree = "<group>"; };
		C63674441D71D69600B26AA5 /* TopoData.swift */ = {isa = PBXFileReference; fileEncoding = 4; lastKnownFileType = sourcecode.swift; name = TopoData.swift; path = SwissEph/TopoData.swift; sourceTree = "<group>"; };
		C63674461D75DB1900B26AA5 /* MainChart.swift */ = {isa = PBXFileReference; fileEncoding = 4; lastKnownFileType = sourcecode.swift; path = MainChart.swift; sourceTree = "<group>"; };
		C636744A1D78794400B26AA5 /* MainChartViewController.swift */ = {isa = PBXFileReference; fileEncoding = 4; lastKnownFileType = sourcecode.swift; path = MainChartViewController.swift; sourceTree = "<group>"; };
		C636744B1D78794400B26AA5 /* MainChartViewController.xib */ = {isa = PBXFileReference; fileEncoding = 4; lastKnownFileType = file.xib; path = MainChartViewController.xib; sourceTree = "<group>"; };
		C63674521D7DAE4F00B26AA5 /* CommonData.swift */ = {isa = PBXFileReference; fileEncoding = 4; lastKnownFileType = sourcecode.swift; name = CommonData.swift; path = Common/CommonData.swift; sourceTree = "<group>"; };
		C63674541D818A6800B26AA5 /* PlanetData.swift */ = {isa = PBXFileReference; fileEncoding = 4; lastKnownFileType = sourcecode.swift; name = PlanetData.swift; path = Common/PlanetData.swift; sourceTree = "<group>"; };
		C63674561D818B4F00B26AA5 /* AstroCalc.swift */ = {isa = PBXFileReference; fileEncoding = 4; lastKnownFileType = sourcecode.swift; name = AstroCalc.swift; path = Calc/AstroCalc.swift; sourceTree = "<group>"; };
		C63674581D81901900B26AA5 /* ConfigData.swift */ = {isa = PBXFileReference; fileEncoding = 4; lastKnownFileType = sourcecode.swift; name = ConfigData.swift; path = Config/ConfigData.swift; sourceTree = "<group>"; };
		C6E9FDB21D4C8030008FDE6B /* GenConst.swift */ = {isa = PBXFileReference; fileEncoding = 4; lastKnownFileType = sourcecode.swift; name = GenConst.swift; path = SwissEph/GenConst.swift; sourceTree = "<group>"; };
		C6E9FDBA1D538A23008FDE6B /* seas_18.se1 */ = {isa = PBXFileReference; lastKnownFileType = file; path = seas_18.se1; sourceTree = "<group>"; };
		C6E9FDBB1D538A23008FDE6B /* semo_18.se1 */ = {isa = PBXFileReference; lastKnownFileType = file; path = semo_18.se1; sourceTree = "<group>"; };
		C6E9FDBC1D538A23008FDE6B /* sepl_18.se1 */ = {isa = PBXFileReference; lastKnownFileType = file; path = sepl_18.se1; sourceTree = "<group>"; };
		C6EAB1751D30C2FB0038C772 /* microcosm-mac.app */ = {isa = PBXFileReference; explicitFileType = wrapper.application; includeInIndex = 0; path = "microcosm-mac.app"; sourceTree = BUILT_PRODUCTS_DIR; };
		C6EAB1781D30C2FB0038C772 /* I.swift */ = {isa = PBXFileReference; lastKnownFileType = sourcecode.swift; path = I.swift; sourceTree = "<group>"; };
		C6EAB17A1D30C2FB0038C772 /* ViewController.swift */ = {isa = PBXFileReference; lastKnownFileType = sourcecode.swift; path = ViewController.swift; sourceTree = "<group>"; };
		C6EAB17C1D30C2FB0038C772 /* Assets.xcassets */ = {isa = PBXFileReference; lastKnownFileType = folder.assetcatalog; path = Assets.xcassets; sourceTree = "<group>"; };
		C6EAB17F1D30C2FB0038C772 /* Base */ = {isa = PBXFileReference; lastKnownFileType = file.storyboard; name = Base; path = Base.lproj/Main.storyboard; sourceTree = "<group>"; };
		C6EAB1811D30C2FB0038C772 /* Info.plist */ = {isa = PBXFileReference; lastKnownFileType = text.plist.xml; path = Info.plist; sourceTree = "<group>"; };
		C6EAB1921D30E8990038C772 /* microcosm-mac-Bridging-Header.h */ = {isa = PBXFileReference; lastKnownFileType = sourcecode.c.h; path = "microcosm-mac-Bridging-Header.h"; sourceTree = "<group>"; };
		C6EAB1971D3150D00038C772 /* SwissEph.swift */ = {isa = PBXFileReference; fileEncoding = 4; lastKnownFileType = sourcecode.swift; name = SwissEph.swift; path = SwissEph/SwissEph.swift; sourceTree = "<group>"; };
		C6F4C2EE1D5B808800108545 /* SweSunb.swift */ = {isa = PBXFileReference; fileEncoding = 4; lastKnownFileType = sourcecode.swift; name = SweSunb.swift; path = SwissEph/SweSunb.swift; sourceTree = "<group>"; };
		C6F4C2F01D5C0C5A00108545 /* SwissHLib.swift */ = {isa = PBXFileReference; fileEncoding = 4; lastKnownFileType = sourcecode.swift; name = SwissHLib.swift; path = SwissEph/SwissHLib.swift; sourceTree = "<group>"; };
		C6F4C3131D60ABE100108545 /* SideData.swift */ = {isa = PBXFileReference; fileEncoding = 4; lastKnownFileType = sourcecode.swift; name = SideData.swift; path = SwissEph/SideData.swift; sourceTree = "<group>"; };
		C6F4C3151D60AEA900108545 /* SweEpsilon.swift */ = {isa = PBXFileReference; fileEncoding = 4; lastKnownFileType = sourcecode.swift; name = SweEpsilon.swift; path = SwissEph/SweEpsilon.swift; sourceTree = "<group>"; };
		C6F4C32B1D61C03D00108545 /* SweNut.swift */ = {isa = PBXFileReference; fileEncoding = 4; lastKnownFileType = sourcecode.swift; name = SweNut.swift; path = SwissEph/SweNut.swift; sourceTree = "<group>"; };
		C6FA05BB1D48F047002F5BA3 /* SavePositions.swift */ = {isa = PBXFileReference; fileEncoding = 4; lastKnownFileType = sourcecode.swift; name = SavePositions.swift; path = SwissEph/SavePositions.swift; sourceTree = "<group>"; };
		C6FA05BD1D48F059002F5BA3 /* SweData.swift */ = {isa = PBXFileReference; fileEncoding = 4; lastKnownFileType = sourcecode.swift; name = SweData.swift; path = SwissEph/SweData.swift; sourceTree = "<group>"; };
		C6FA05BF1D48F068002F5BA3 /* SweRet.swift */ = {isa = PBXFileReference; fileEncoding = 4; lastKnownFileType = sourcecode.swift; name = SweRet.swift; path = SwissEph/SweRet.swift; sourceTree = "<group>"; };
		C6FA05C11D48F7A6002F5BA3 /* PlanData.swift */ = {isa = PBXFileReference; fileEncoding = 4; lastKnownFileType = sourcecode.swift; name = PlanData.swift; path = SwissEph/PlanData.swift; sourceTree = "<group>"; };
		C6FA05C31D4A56AA002F5BA3 /* SweDate.swift */ = {isa = PBXFileReference; fileEncoding = 4; lastKnownFileType = sourcecode.swift; name = SweDate.swift; path = SwissEph/SweDate.swift; sourceTree = "<group>"; };
		C6FA05C51D4C64E6002F5BA3 /* FileData.swift */ = {isa = PBXFileReference; fileEncoding = 4; lastKnownFileType = sourcecode.swift; name = FileData.swift; path = SwissEph/FileData.swift; sourceTree = "<group>"; };
/* End PBXFileReference section */

/* Begin PBXFrameworksBuildPhase section */
		C6EAB1721D30C2FB0038C772 /* Frameworks */ = {
			isa = PBXFrameworksBuildPhase;
			buildActionMask = 2147483647;
			files = (
			);
			runOnlyForDeploymentPostprocessing = 0;
		};
/* End PBXFrameworksBuildPhase section */

/* Begin PBXGroup section */
		C6EAB16C1D30C2FB0038C772 = {
			isa = PBXGroup;
			children = (
				C6EAB1771D30C2FB0038C772 /* microcosm-mac */,
				C6EAB1761D30C2FB0038C772 /* Products */,
				C6EAB1921D30E8990038C772 /* microcosm-mac-Bridging-Header.h */,
			);
			sourceTree = "<group>";
		};
		C6EAB1761D30C2FB0038C772 /* Products */ = {
			isa = PBXGroup;
			children = (
				C6EAB1751D30C2FB0038C772 /* microcosm-mac.app */,
			);
			name = Products;
			sourceTree = "<group>";
		};
		C6EAB1771D30C2FB0038C772 /* microcosm-mac */ = {
			isa = PBXGroup;
			children = (
				C6E9FDBA1D538A23008FDE6B /* seas_18.se1 */,
				C6E9FDBB1D538A23008FDE6B /* semo_18.se1 */,
				C6E9FDBC1D538A23008FDE6B /* sepl_18.se1 */,
				C6FA05BF1D48F068002F5BA3 /* SweRet.swift */,
				C6FA05BD1D48F059002F5BA3 /* SweData.swift */,
				C6FA05BB1D48F047002F5BA3 /* SavePositions.swift */,
				C6EAB1781D30C2FB0038C772 /* I.swift */,
				C6EAB17A1D30C2FB0038C772 /* ViewController.swift */,
				C6EAB17C1D30C2FB0038C772 /* Assets.xcassets */,
				C6EAB17E1D30C2FB0038C772 /* Main.storyboard */,
				C6EAB1811D30C2FB0038C772 /* Info.plist */,
				C6EAB1971D3150D00038C772 /* SwissEph.swift */,
				C6FA05C11D48F7A6002F5BA3 /* PlanData.swift */,
				C6FA05C31D4A56AA002F5BA3 /* SweDate.swift */,
				C6FA05C51D4C64E6002F5BA3 /* FileData.swift */,
				C6E9FDB21D4C8030008FDE6B /* GenConst.swift */,
				C6F4C2EE1D5B808800108545 /* SweSunb.swift */,
				C6F4C2F01D5C0C5A00108545 /* SwissHLib.swift */,
				C6F4C3131D60ABE100108545 /* SideData.swift */,
				C6F4C3151D60AEA900108545 /* SweEpsilon.swift */,
				C6F4C32B1D61C03D00108545 /* SweNut.swift */,
				C63674421D71455000B26AA5 /* SweTimeRet.swift */,
				C63674441D71D69600B26AA5 /* TopoData.swift */,
				C63674461D75DB1900B26AA5 /* MainChart.swift */,
				C636744A1D78794400B26AA5 /* MainChartViewController.swift */,
				C636744B1D78794400B26AA5 /* MainChartViewController.xib */,
				C63674521D7DAE4F00B26AA5 /* CommonData.swift */,
				C63674541D818A6800B26AA5 /* PlanetData.swift */,
				C63674561D818B4F00B26AA5 /* AstroCalc.swift */,
				C63674581D81901900B26AA5 /* ConfigData.swift */,
				C60997511D8840CD00D0FA1C /* Houses.swift */,
			);
			path = "microcosm-mac";
			sourceTree = "<group>";
		};
/* End PBXGroup section */

/* Begin PBXNativeTarget section */
		C6EAB1741D30C2FB0038C772 /* microcosm-mac */ = {
			isa = PBXNativeTarget;
			buildConfigurationList = C6EAB1841D30C2FB0038C772 /* Build configuration list for PBXNativeTarget "microcosm-mac" */;
			buildPhases = (
				C6EAB1711D30C2FB0038C772 /* Sources */,
				C6EAB1721D30C2FB0038C772 /* Frameworks */,
				C6EAB1731D30C2FB0038C772 /* Resources */,
			);
			buildRules = (
			);
			dependencies = (
			);
			name = "microcosm-mac";
			productName = "microcosm-mac";
			productReference = C6EAB1751D30C2FB0038C772 /* microcosm-mac.app */;
			productType = "com.apple.product-type.application";
		};
/* End PBXNativeTarget section */

/* Begin PBXProject section */
		C6EAB16D1D30C2FB0038C772 /* Project object */ = {
			isa = PBXProject;
			attributes = {
				LastSwiftUpdateCheck = 0730;
				LastUpgradeCheck = 0730;
				ORGANIZATIONNAME = "Yuji Ogata";
				TargetAttributes = {
					C6EAB1741D30C2FB0038C772 = {
						CreatedOnToolsVersion = 7.3.1;
					};
				};
			};
			buildConfigurationList = C6EAB1701D30C2FB0038C772 /* Build configuration list for PBXProject "microcosm-mac" */;
			compatibilityVersion = "Xcode 3.2";
			developmentRegion = English;
			hasScannedForEncodings = 0;
			knownRegions = (
				en,
				Base,
			);
			mainGroup = C6EAB16C1D30C2FB0038C772;
			productRefGroup = C6EAB1761D30C2FB0038C772 /* Products */;
			projectDirPath = "";
			projectRoot = "";
			targets = (
				C6EAB1741D30C2FB0038C772 /* microcosm-mac */,
			);
		};
/* End PBXProject section */

/* Begin PBXResourcesBuildPhase section */
		C6EAB1731D30C2FB0038C772 /* Resources */ = {
			isa = PBXResourcesBuildPhase;
			buildActionMask = 2147483647;
			files = (
				C6E9FDBD1D538A23008FDE6B /* seas_18.se1 in Resources */,
				C6EAB17D1D30C2FB0038C772 /* Assets.xcassets in Resources */,
				C636744D1D78794400B26AA5 /* MainChartViewController.xib in Resources */,
				C6E9FDBE1D538A23008FDE6B /* semo_18.se1 in Resources */,
				C6EAB1801D30C2FB0038C772 /* Main.storyboard in Resources */,
				C6E9FDBF1D538A23008FDE6B /* sepl_18.se1 in Resources */,
			);
			runOnlyForDeploymentPostprocessing = 0;
		};
/* End PBXResourcesBuildPhase section */

/* Begin PBXSourcesBuildPhase section */
		C6EAB1711D30C2FB0038C772 /* Sources */ = {
			isa = PBXSourcesBuildPhase;
			buildActionMask = 2147483647;
			files = (
				C6E9FDB31D4C8030008FDE6B /* GenConst.swift in Sources */,
				C6EAB1981D3150D00038C772 /* SwissEph.swift in Sources */,
				C63674571D818B4F00B26AA5 /* AstroCalc.swift in Sources */,
				C6F4C3161D60AEA900108545 /* SweEpsilon.swift in Sources */,
				C6F4C32C1D61C03D00108545 /* SweNut.swift in Sources */,
				C63674451D71D69600B26AA5 /* TopoData.swift in Sources */,
				C63674471D75DB1900B26AA5 /* MainChart.swift in Sources */,
				C63674431D71455000B26AA5 /* SweTimeRet.swift in Sources */,
				C6F4C3141D60ABE100108545 /* SideData.swift in Sources */,
				C6EAB17B1D30C2FB0038C772 /* ViewController.swift in Sources */,
				C6FA05C61D4C64E6002F5BA3 /* FileData.swift in Sources */,
				C63674531D7DAE4F00B26AA5 /* CommonData.swift in Sources */,
				C63674591D81901900B26AA5 /* ConfigData.swift in Sources */,
				C6EAB1791D30C2FB0038C772 /* I.swift in Sources */,
				C6FA05C21D48F7A6002F5BA3 /* PlanData.swift in Sources */,
				C6FA05C01D48F068002F5BA3 /* SweRet.swift in Sources */,
				C6FA05C41D4A56AA002F5BA3 /* SweDate.swift in Sources */,
				C6F4C2EF1D5B808800108545 /* SweSunb.swift in Sources */,
				C636744C1D78794400B26AA5 /* MainChartViewController.swift in Sources */,
				C63674551D818A6900B26AA5 /* PlanetData.swift in Sources */,
				C6FA05BC1D48F047002F5BA3 /* SavePositions.swift in Sources */,
				C6F4C2F11D5C0C5A00108545 /* SwissHLib.swift in Sources */,
				C60997521D8840CD00D0FA1C /* Houses.swift in Sources */,
				C6FA05BE1D48F059002F5BA3 /* SweData.swift in Sources */,
			);
			runOnlyForDeploymentPostprocessing = 0;
		};
/* End PBXSourcesBuildPhase section */

/* Begin PBXVariantGroup section */
		C6EAB17E1D30C2FB0038C772 /* Main.storyboard */ = {
			isa = PBXVariantGroup;
			children = (
				C6EAB17F1D30C2FB0038C772 /* Base */,
			);
			name = Main.storyboard;
			sourceTree = "<group>";
		};
/* End PBXVariantGroup section */

/* Begin XCBuildConfiguration section */
		C6EAB1821D30C2FB0038C772 /* Debug */ = {
			isa = XCBuildConfiguration;
			buildSettings = {
				ALWAYS_SEARCH_USER_PATHS = NO;
				CLANG_ANALYZER_NONNULL = YES;
				CLANG_CXX_LANGUAGE_STANDARD = "gnu++0x";
				CLANG_CXX_LIBRARY = "libc++";
				CLANG_ENABLE_MODULES = YES;
				CLANG_ENABLE_OBJC_ARC = YES;
				CLANG_WARN_BOOL_CONVERSION = YES;
				CLANG_WARN_CONSTANT_CONVERSION = YES;
				CLANG_WARN_DIRECT_OBJC_ISA_USAGE = YES_ERROR;
				CLANG_WARN_EMPTY_BODY = YES;
				CLANG_WARN_ENUM_CONVERSION = YES;
				CLANG_WARN_INT_CONVERSION = YES;
				CLANG_WARN_OBJC_ROOT_CLASS = YES_ERROR;
				CLANG_WARN_UNREACHABLE_CODE = YES;
				CLANG_WARN__DUPLICATE_METHOD_MATCH = YES;
				CODE_SIGN_IDENTITY = "-";
				COPY_PHASE_STRIP = NO;
				DEBUG_INFORMATION_FORMAT = dwarf;
				ENABLE_STRICT_OBJC_MSGSEND = YES;
				ENABLE_TESTABILITY = YES;
				GCC_C_LANGUAGE_STANDARD = gnu99;
				GCC_DYNAMIC_NO_PIC = NO;
				GCC_NO_COMMON_BLOCKS = YES;
				GCC_OPTIMIZATION_LEVEL = 0;
				GCC_PREPROCESSOR_DEFINITIONS = (
					"DEBUG=1",
					"$(inherited)",
				);
				GCC_WARN_64_TO_32_BIT_CONVERSION = YES;
				GCC_WARN_ABOUT_RETURN_TYPE = YES_ERROR;
				GCC_WARN_UNDECLARED_SELECTOR = YES;
				GCC_WARN_UNINITIALIZED_AUTOS = YES_AGGRESSIVE;
				GCC_WARN_UNUSED_FUNCTION = YES;
				GCC_WARN_UNUSED_VARIABLE = YES;
				MACOSX_DEPLOYMENT_TARGET = 10.11;
				MTL_ENABLE_DEBUG_INFO = YES;
				ONLY_ACTIVE_ARCH = YES;
				SDKROOT = macosx;
				SWIFT_OPTIMIZATION_LEVEL = "-Onone";
			};
			name = Debug;
		};
		C6EAB1831D30C2FB0038C772 /* Release */ = {
			isa = XCBuildConfiguration;
			buildSettings = {
				ALWAYS_SEARCH_USER_PATHS = NO;
				CLANG_ANALYZER_NONNULL = YES;
				CLANG_CXX_LANGUAGE_STANDARD = "gnu++0x";
				CLANG_CXX_LIBRARY = "libc++";
				CLANG_ENABLE_MODULES = YES;
				CLANG_ENABLE_OBJC_ARC = YES;
				CLANG_WARN_BOOL_CONVERSION = YES;
				CLANG_WARN_CONSTANT_CONVERSION = YES;
				CLANG_WARN_DIRECT_OBJC_ISA_USAGE = YES_ERROR;
				CLANG_WARN_EMPTY_BODY = YES;
				CLANG_WARN_ENUM_CONVERSION = YES;
				CLANG_WARN_INT_CONVERSION = YES;
				CLANG_WARN_OBJC_ROOT_CLASS = YES_ERROR;
				CLANG_WARN_UNREACHABLE_CODE = YES;
				CLANG_WARN__DUPLICATE_METHOD_MATCH = YES;
				CODE_SIGN_IDENTITY = "-";
				COPY_PHASE_STRIP = NO;
				DEBUG_INFORMATION_FORMAT = "dwarf-with-dsym";
				ENABLE_NS_ASSERTIONS = NO;
				ENABLE_STRICT_OBJC_MSGSEND = YES;
				GCC_C_LANGUAGE_STANDARD = gnu99;
				GCC_NO_COMMON_BLOCKS = YES;
				GCC_WARN_64_TO_32_BIT_CONVERSION = YES;
				GCC_WARN_ABOUT_RETURN_TYPE = YES_ERROR;
				GCC_WARN_UNDECLARED_SELECTOR = YES;
				GCC_WARN_UNINITIALIZED_AUTOS = YES_AGGRESSIVE;
				GCC_WARN_UNUSED_FUNCTION = YES;
				GCC_WARN_UNUSED_VARIABLE = YES;
				MACOSX_DEPLOYMENT_TARGET = 10.11;
				MTL_ENABLE_DEBUG_INFO = NO;
				SDKROOT = macosx;
			};
			name = Release;
		};
		C6EAB1851D30C2FB0038C772 /* Debug */ = {
			isa = XCBuildConfiguration;
			buildSettings = {
				ASSETCATALOG_COMPILER_APPICON_NAME = AppIcon;
				CLANG_ENABLE_MODULES = YES;
				COMBINE_HIDPI_IMAGES = YES;
				INFOPLIST_FILE = "microcosm-mac/Info.plist";
				LD_RUNPATH_SEARCH_PATHS = "$(inherited) @executable_path/../Frameworks";
				PRODUCT_BUNDLE_IDENTIFIER = "ogatism.microcosm-mac";
				PRODUCT_NAME = "$(TARGET_NAME)";
				SWIFT_OBJC_BRIDGING_HEADER = "microcosm-mac-Bridging-Header.h";
				SWIFT_OPTIMIZATION_LEVEL = "-Onone";
			};
			name = Debug;
		};
		C6EAB1861D30C2FB0038C772 /* Release */ = {
			isa = XCBuildConfiguration;
			buildSettings = {
				ASSETCATALOG_COMPILER_APPICON_NAME = AppIcon;
				CLANG_ENABLE_MODULES = YES;
				COMBINE_HIDPI_IMAGES = YES;
				INFOPLIST_FILE = "microcosm-mac/Info.plist";
				LD_RUNPATH_SEARCH_PATHS = "$(inherited) @executable_path/../Frameworks";
				PRODUCT_BUNDLE_IDENTIFIER = "ogatism.microcosm-mac";
				PRODUCT_NAME = "$(TARGET_NAME)";
				SWIFT_OBJC_BRIDGING_HEADER = "microcosm-mac-Bridging-Header.h";
			};
			name = Release;
		};
/* End XCBuildConfiguration section */

/* Begin XCConfigurationList section */
		C6EAB1701D30C2FB0038C772 /* Build configuration list for PBXProject "microcosm-mac" */ = {
			isa = XCConfigurationList;
			buildConfigurations = (
				C6EAB1821D30C2FB0038C772 /* Debug */,
				C6EAB1831D30C2FB0038C772 /* Release */,
			);
			defaultConfigurationIsVisible = 0;
			defaultConfigurationName = Release;
		};
		C6EAB1841D30C2FB0038C772 /* Build configuration list for PBXNativeTarget "microcosm-mac" */ = {
			isa = XCConfigurationList;
			buildConfigurations = (
				C6EAB1851D30C2FB0038C772 /* Debug */,
				C6EAB1861D30C2FB0038C772 /* Release */,
			);
			defaultConfigurationIsVisible = 0;
			defaultConfigurationName = Release;
		};
/* End XCConfigurationList section */
	};
	rootObject = C6EAB16D1D30C2FB0038C772 /* Project object */;
}
